{
    "_readme": [
        "This file locks the dependencies of your project to a known state",
        "Read more about it at https://getcomposer.org/doc/01-basic-usage.md#composer-lock-the-lock-file",
        "This file is @generated automatically"
    ],
    "content-hash": "c24d349787f88b68b8d474a8c1a55ba9",
    "packages": [
        {
            "name": "aryelgois/yasql-php",
            "version": "dev-develop",
            "source": {
                "type": "git",
                "url": "https://github.com/aryelgois/yasql-php.git",
                "reference": "4ab31d01eb9f8c0d58e1d331047dc4805b911514"
            },
            "dist": {
                "type": "zip",
                "url": "https://api.github.com/repos/aryelgois/yasql-php/zipball/4ab31d01eb9f8c0d58e1d331047dc4805b911514",
                "reference": "4ab31d01eb9f8c0d58e1d331047dc4805b911514",
                "shasum": ""
            },
            "require": {
                "php": "^7.0",
                "symfony/yaml": "^3.4"
            },
            "type": "library",
            "autoload": {
                "psr-4": {
                    "aryelgois\\YaSql\\": "src/"
                }
            },
            "notification-url": "https://packagist.org/downloads/",
            "license": [
                "MIT"
            ],
            "authors": [
                {
                    "name": "Aryel Mota Góis",
                    "role": "Developer"
                }
            ],
            "description": "A PHP implementation for YAML Ain't SQL",
            "keywords": [
                "database",
                "php",
                "schema",
                "sql",
                "yaml"
            ],
            "time": "2017-12-25T18:23:01+00:00"
        },
        {
            "name": "symfony/yaml",
            "version": "v3.4.2",
            "source": {
                "type": "git",
                "url": "https://github.com/symfony/yaml.git",
                "reference": "afe0cd38486505c9703707707d91450cfc1bd536"
            },
            "dist": {
                "type": "zip",
                "url": "https://api.github.com/repos/symfony/yaml/zipball/afe0cd38486505c9703707707d91450cfc1bd536",
                "reference": "afe0cd38486505c9703707707d91450cfc1bd536",
                "shasum": ""
            },
            "require": {
                "php": "^5.5.9|>=7.0.8"
            },
            "conflict": {
                "symfony/console": "<3.4"
            },
            "require-dev": {
                "symfony/console": "~3.4|~4.0"
            },
            "suggest": {
                "symfony/console": "For validating YAML files using the lint command"
            },
            "type": "library",
            "extra": {
                "branch-alias": {
                    "dev-master": "3.4-dev"
                }
            },
            "autoload": {
                "psr-4": {
                    "Symfony\\Component\\Yaml\\": ""
                },
                "exclude-from-classmap": [
                    "/Tests/"
                ]
            },
            "notification-url": "https://packagist.org/downloads/",
            "license": [
                "MIT"
            ],
            "authors": [
                {
                    "name": "Fabien Potencier",
                    "email": "fabien@symfony.com"
                },
                {
                    "name": "Symfony Community",
                    "homepage": "https://symfony.com/contributors"
                }
            ],
            "description": "Symfony Yaml Component",
            "homepage": "https://symfony.com",
            "time": "2017-12-11T20:38:23+00:00"
        }
    ],
    "packages-dev": [],
    "aliases": [],
    "minimum-stability": "stable",
    "stability-flags": {
        "aryelgois/yasql-php": 20
    },
    "prefer-stable": false,
    "prefer-lowest": false,
    "platform": {
        "php": "^7.0"
    },
    "platform-dev": []
}
